
Microsoft Visual Studio Solution File, Format Version 12.00
# Visual Studio Version 17
VisualStudioVersion = 17.6.33717.318
MinimumVisualStudioVersion = 10.0.40219.1
Project("{9A19103F-16F7-4668-BE54-9A1E7A4F7556}") = "RecipesSite.Web", "RecipesSite.Web\RecipesSite.Web.csproj", "{EFA51282-E09C-4BAE-8C3E-1AB5C78C9DEB}"
EndProject
Project("{9A19103F-16F7-4668-BE54-9A1E7A4F7556}") = "RecipesSite.Common", "RecipesSite.Common\RecipesSite.Common.csproj", "{0B703951-81B4-4296-9302-F54F3DDA1EC5}"
EndProject
Project("{2150E333-8FDC-42A3-9474-1A3956D46DE8}") = "Web", "Web", "{CA6FA3C5-6945-44AB-9692-19997B0929DB}"
EndProject
Project("{2150E333-8FDC-42A3-9474-1A3956D46DE8}") = "Data", "Data", "{03ED01A0-96E6-4ED9-8051-ED50CBBCADDA}"
EndProject
Project("{9A19103F-16F7-4668-BE54-9A1E7A4F7556}") = "RecipesSite.Data", "RecipesSite.Data\RecipesSite.Data.csproj", "{9CF5D8F5-2F90-4BB6-BA87-EF32897FB2B3}"
EndProject
Project("{9A19103F-16F7-4668-BE54-9A1E7A4F7556}") = "RecipesSite.Data.Models", "RecipesSite.Data.Models\RecipesSite.Data.Models.csproj", "{7C395527-362B-4CCD-A94D-800F47FB7300}"
EndProject
Project("{9A19103F-16F7-4668-BE54-9A1E7A4F7556}") = "RecipesSite.Web.viewModels", "RecipesSite.Web.viewModels\RecipesSite.Web.viewModels.csproj", "{FF3E2AEA-C76A-4799-8533-46307E325E3C}"
EndProject
Project("{9A19103F-16F7-4668-BE54-9A1E7A4F7556}") = "RecipesSite.Web.Infrastructure", "RecipesSite.Web.Infrastructure\RecipesSite.Web.Infrastructure.csproj", "{B65AA6A9-22B0-4BA1-ABBC-071B3C0A2257}"
EndProject
Project("{2150E333-8FDC-42A3-9474-1A3956D46DE8}") = "Services", "Services", "{0B6D70C5-742F-471C-9BAC-5348F6931641}"
EndProject
Project("{FAE04EC0-301F-11D3-BF4B-00C04F79EFBC}") = "RecipeSite.Services", "RecipeSite.Services\RecipeSite.Services.csproj", "{D1B71418-72CC-4A6C-AA91-1990A688DF56}"
EndProject
Global
	GlobalSection(SolutionConfigurationPlatforms) = preSolution
		Debug|Any CPU = Debug|Any CPU
		Release|Any CPU = Release|Any CPU
	EndGlobalSection
	GlobalSection(ProjectConfigurationPlatforms) = postSolution
		{EFA51282-E09C-4BAE-8C3E-1AB5C78C9DEB}.Debug|Any CPU.ActiveCfg = Debug|Any CPU
		{EFA51282-E09C-4BAE-8C3E-1AB5C78C9DEB}.Debug|Any CPU.Build.0 = Debug|Any CPU
		{EFA51282-E09C-4BAE-8C3E-1AB5C78C9DEB}.Release|Any CPU.ActiveCfg = Release|Any CPU
		{EFA51282-E09C-4BAE-8C3E-1AB5C78C9DEB}.Release|Any CPU.Build.0 = Release|Any CPU
		{0B703951-81B4-4296-9302-F54F3DDA1EC5}.Debug|Any CPU.ActiveCfg = Debug|Any CPU
		{0B703951-81B4-4296-9302-F54F3DDA1EC5}.Debug|Any CPU.Build.0 = Debug|Any CPU
		{0B703951-81B4-4296-9302-F54F3DDA1EC5}.Release|Any CPU.ActiveCfg = Release|Any CPU
		{0B703951-81B4-4296-9302-F54F3DDA1EC5}.Release|Any CPU.Build.0 = Release|Any CPU
		{9CF5D8F5-2F90-4BB6-BA87-EF32897FB2B3}.Debug|Any CPU.ActiveCfg = Debug|Any CPU
		{9CF5D8F5-2F90-4BB6-BA87-EF32897FB2B3}.Debug|Any CPU.Build.0 = Debug|Any CPU
		{9CF5D8F5-2F90-4BB6-BA87-EF32897FB2B3}.Release|Any CPU.ActiveCfg = Release|Any CPU
		{9CF5D8F5-2F90-4BB6-BA87-EF32897FB2B3}.Release|Any CPU.Build.0 = Release|Any CPU
		{7C395527-362B-4CCD-A94D-800F47FB7300}.Debug|Any CPU.ActiveCfg = Debug|Any CPU
		{7C395527-362B-4CCD-A94D-800F47FB7300}.Debug|Any CPU.Build.0 = Debug|Any CPU
		{7C395527-362B-4CCD-A94D-800F47FB7300}.Release|Any CPU.ActiveCfg = Release|Any CPU
		{7C395527-362B-4CCD-A94D-800F47FB7300}.Release|Any CPU.Build.0 = Release|Any CPU
		{FF3E2AEA-C76A-4799-8533-46307E325E3C}.Debug|Any CPU.ActiveCfg = Debug|Any CPU
		{FF3E2AEA-C76A-4799-8533-46307E325E3C}.Debug|Any CPU.Build.0 = Debug|Any CPU
		{FF3E2AEA-C76A-4799-8533-46307E325E3C}.Release|Any CPU.ActiveCfg = Release|Any CPU
		{FF3E2AEA-C76A-4799-8533-46307E325E3C}.Release|Any CPU.Build.0 = Release|Any CPU
		{B65AA6A9-22B0-4BA1-ABBC-071B3C0A2257}.Debug|Any CPU.ActiveCfg = Debug|Any CPU
		{B65AA6A9-22B0-4BA1-ABBC-071B3C0A2257}.Debug|Any CPU.Build.0 = Debug|Any CPU
		{B65AA6A9-22B0-4BA1-ABBC-071B3C0A2257}.Release|Any CPU.ActiveCfg = Release|Any CPU
		{B65AA6A9-22B0-4BA1-ABBC-071B3C0A2257}.Release|Any CPU.Build.0 = Release|Any CPU
		{D1B71418-72CC-4A6C-AA91-1990A688DF56}.Debug|Any CPU.ActiveCfg = Debug|Any CPU
		{D1B71418-72CC-4A6C-AA91-1990A688DF56}.Debug|Any CPU.Build.0 = Debug|Any CPU
		{D1B71418-72CC-4A6C-AA91-1990A688DF56}.Release|Any CPU.ActiveCfg = Release|Any CPU
		{D1B71418-72CC-4A6C-AA91-1990A688DF56}.Release|Any CPU.Build.0 = Release|Any CPU
	EndGlobalSection
	GlobalSection(SolutionProperties) = preSolution
		HideSolutionNode = FALSE
	EndGlobalSection
	GlobalSection(NestedProjects) = preSolution
		{EFA51282-E09C-4BAE-8C3E-1AB5C78C9DEB} = {CA6FA3C5-6945-44AB-9692-19997B0929DB}
		{9CF5D8F5-2F90-4BB6-BA87-EF32897FB2B3} = {03ED01A0-96E6-4ED9-8051-ED50CBBCADDA}
		{7C395527-362B-4CCD-A94D-800F47FB7300} = {03ED01A0-96E6-4ED9-8051-ED50CBBCADDA}
		{FF3E2AEA-C76A-4799-8533-46307E325E3C} = {CA6FA3C5-6945-44AB-9692-19997B0929DB}
		{B65AA6A9-22B0-4BA1-ABBC-071B3C0A2257} = {CA6FA3C5-6945-44AB-9692-19997B0929DB}
		{D1B71418-72CC-4A6C-AA91-1990A688DF56} = {0B6D70C5-742F-471C-9BAC-5348F6931641}
	EndGlobalSection
	GlobalSection(ExtensibilityGlobals) = postSolution
		SolutionGuid = {C1F6E14E-3D1E-4208-A36E-70EBFB526933}
	EndGlobalSection
EndGlobal
